
Microsoft Visual Studio Solution File, Format Version 12.00
# Visual Studio Version 17
VisualStudioVersion = 17.9.34728.123
MinimumVisualStudioVersion = 10.0.40219.1
Project("{9A19103F-16F7-4668-BE54-9A1E7A4F7556}") = "PowerTools_Test", "PowerTools_Test\PowerTools_Test.csproj", "{D901F0E9-9012-42B2-9284-54B37F6EE1E3}"
EndProject
Project("{2150E333-8FDC-42A3-9474-1A3956D46DE8}") = "Test", "Test", "{1C1D3022-EA64-4520-8CB6-3F341CF90ED8}"
EndProject
Project("{FAE04EC0-301F-11D3-BF4B-00C04F79EFBC}") = "Network", "Network\Network.csproj", "{479ABF09-9DCB-48D5-B26A-85C2EAA94981}"
EndProject
Global
	GlobalSection(SolutionConfigurationPlatforms) = preSolution
		Debug|Any CPU = Debug|Any CPU
		Release|Any CPU = Release|Any CPU
	EndGlobalSection
	GlobalSection(ProjectConfigurationPlatforms) = postSolution
		{D901F0E9-9012-42B2-9284-54B37F6EE1E3}.Debug|Any CPU.ActiveCfg = Debug|Any CPU
		{D901F0E9-9012-42B2-9284-54B37F6EE1E3}.Debug|Any CPU.Build.0 = Debug|Any CPU
		{D901F0E9-9012-42B2-9284-54B37F6EE1E3}.Release|Any CPU.ActiveCfg = Release|Any CPU
		{D901F0E9-9012-42B2-9284-54B37F6EE1E3}.Release|Any CPU.Build.0 = Release|Any CPU
		{479ABF09-9DCB-48D5-B26A-85C2EAA94981}.Debug|Any CPU.ActiveCfg = Debug|Any CPU
		{479ABF09-9DCB-48D5-B26A-85C2EAA94981}.Debug|Any CPU.Build.0 = Debug|Any CPU
		{479ABF09-9DCB-48D5-B26A-85C2EAA94981}.Release|Any CPU.ActiveCfg = Release|Any CPU
		{479ABF09-9DCB-48D5-B26A-85C2EAA94981}.Release|Any CPU.Build.0 = Release|Any CPU
	EndGlobalSection
	GlobalSection(SolutionProperties) = preSolution
		HideSolutionNode = FALSE
	EndGlobalSection
	GlobalSection(NestedProjects) = preSolution
		{D901F0E9-9012-42B2-9284-54B37F6EE1E3} = {1C1D3022-EA64-4520-8CB6-3F341CF90ED8}
	EndGlobalSection
	GlobalSection(ExtensibilityGlobals) = postSolution
		SolutionGuid = {CF183168-4835-4FAD-8FCF-B5A820BAB761}
	EndGlobalSection
EndGlobal
